lockfileVersion: 5.4

specifiers:
  '@types/fs-extra': ^11.0.1
  '@types/node': ^18.11.18
  chalk: ^5.2.0
  fs-extra: ^11.1.0
  react-docgen-typescript: ^2.2.2
  typescript: ^4.9.4

devDependencies:
  '@types/fs-extra': 11.0.1
  '@types/node': 18.11.18
  chalk: 5.2.0
  fs-extra: 11.1.0
  react-docgen-typescript: 2.2.2_typescript@4.9.4
  typescript: 4.9.4

packages:

  /@types/fs-extra/11.0.1:
    resolution: {integrity: sha512-MxObHvNl4A69ofaTRU8DFqvgzzv8s9yRtaPPm5gud9HDNvpB3GPQFvNuTWAI59B9huVGV5jXYJwbCsmBsOGYWA==}
    dependencies:
      '@types/jsonfile': 6.1.1
      '@types/node': 18.11.18
    dev: true

  /@types/jsonfile/6.1.1:
    resolution: {integrity: sha512-GSgiRCVeapDN+3pqA35IkQwasaCh/0YFH5dEF6S88iDvEn901DjOeH3/QPY+XYP1DFzDZPvIvfeEgk+7br5png==}
    dependencies:
      '@types/node': 18.11.18
    dev: true

  /@types/node/18.11.18:
    resolution: {integrity: sha512-DHQpWGjyQKSHj3ebjFI/wRKcqQcdR+MoFBygntYOZytCqNfkd2ZC4ARDJ2DQqhjH5p85Nnd3jhUJIXrszFX/JA==}
    dev: true

  /chalk/5.2.0:
    resolution: {integrity: sha512-ree3Gqw/nazQAPuJJEy+avdl7QfZMcUvmHIKgEZkGL+xOBzRvup5Hxo6LHuMceSxOabuJLJm5Yp/92R9eMmMvA==}
    engines: {node: ^12.17.0 || ^14.13 || >=16.0.0}
    dev: true

  /fs-extra/11.1.0:
    resolution: {integrity: sha512-0rcTq621PD5jM/e0a3EJoGC/1TC5ZBCERW82LQuwfGnCa1V8w7dpYH1yNu+SLb6E5dkeCBzKEyLGlFrnr+dUyw==}
    engines: {node: '>=14.14'}
    dependencies:
      graceful-fs: 4.2.10
      jsonfile: 6.1.0
      universalify: 2.0.0
    dev: true

  /graceful-fs/4.2.10:
    resolution: {integrity: sha512-9ByhssR2fPVsNZj478qUUbKfmL0+t5BDVyjShtyZZLiK7ZDAArFFfopyOTj0M05wE2tJPisA4iTnnXl2YoPvOA==}
    dev: true

  /jsonfile/6.1.0:
    resolution: {integrity: sha512-5dgndWOriYSm5cnYaJNhalLNDKOqFwyDB/rr1E9ZsGciGvKPs8R2xYGCacuf3z6K1YKDz182fd+fY3cn3pMqXQ==}
    dependencies:
      universalify: 2.0.0
    optionalDependencies:
      graceful-fs: 4.2.10
    dev: true

  /react-docgen-typescript/2.2.2_typescript@4.9.4:
    resolution: {integrity: sha512-tvg2ZtOpOi6QDwsb3GZhOjDkkX0h8Z2gipvTg6OVMUyoYoURhEiRNePT8NZItTVCDh39JJHnLdfCOkzoLbFnTg==}
    peerDependencies:
      typescript: '>= 4.3.x'
    dependencies:
      typescript: 4.9.4
    dev: true

  /typescript/4.9.4:
    resolution: {integrity: sha512-Uz+dTXYzxXXbsFpM86Wh3dKCxrQqUcVMxwU54orwlJjOpO3ao8L7j5lH+dWfTwgCwIuM9GQ2kvVotzYJMXTBZg==}
    engines: {node: '>=4.2.0'}
    hasBin: true
    dev: true

  /universalify/2.0.0:
    resolution: {integrity: sha512-hAZsKq7Yy11Zu1DE0OzWjw7nnLZmJZYTDZZyEFHZdUhV8FkH5MCfoU1XMaxXovpyW5nq5scPqq0ZDP9Zyl04oQ==}
    engines: {node: '>= 10.0.0'}
    dev: true
